GEM
  remote: https://rubygems.org/
  specs:
    addressable (2.7.0)
      public_suffix (>= 2.0.2, < 5.0)
    cnccs (0.1.5)
    creek (2.4.4)
      http (~> 4.0)
      nokogiri (>= 1.7.0)
      rubyzip (>= 1.0.0)
    domain_name (0.5.20190701)
      unf (>= 0.0.5, < 1.0.0)
    faraday (0.17.1)
      multipart-post (>= 1.2, < 3)
    ffi (1.11.3)
    ffi-compiler (1.0.1)
      ffi (>= 1.0.0)
      rake
    gb-agencies (0.0.6)
    http (4.2.0)
      addressable (~> 2.3)
      http-cookie (~> 1.0)
      http-form_data (~> 2.0)
      http-parser (~> 1.2.0)
    http-cookie (1.0.3)
      domain_name (~> 0.5)
    http-form_data (2.1.1)
    http-parser (1.2.1)
      ffi-compiler (>= 1.0, < 2.0)
    isoics (0.1.8)
    mini_portile2 (2.4.0)
    multipart-post (2.1.1)
    nokogiri (1.10.5)
      mini_portile2 (~> 2.4.0)
    public_suffix (4.0.1)
    rake (13.0.1)
    relaton (0.5.19)
      relaton-calconnect (~> 0.1.0)
      relaton-gb (~> 0.6.0)
      relaton-iec (~> 0.4.0)
      relaton-ietf (~> 0.6.0)
      relaton-iso (~> 0.6.0)
      relaton-itu (~> 0.3.0)
      relaton-nist (~> 0.3.0)
      relaton-ogc (~> 0.1.0)
    relaton-bib (0.3.12)
      addressable
      nokogiri
    relaton-calconnect (0.1.2)
      faraday
      relaton-iso-bib (~> 0.3.0)
    relaton-gb (0.6.8)
      cnccs (~> 0.1.1)
      gb-agencies (~> 0.0.1)
      relaton-iso-bib (~> 0.3.0)
    relaton-iec (0.4.12)
      addressable
      relaton-iso-bib (~> 0.3.0)
    relaton-ietf (0.6.10)
      relaton-bib (~> 0.3.0)
    relaton-iso (0.6.10)
      relaton-iec (~> 0.4.0)
      relaton-iso-bib (~> 0.3.0)
    relaton-iso-bib (0.3.12)
      isoics (~> 0.1.6)
      relaton-bib (~> 0.3.0)
      ruby_deep_clone (~> 0.8.0)
    relaton-itu (0.3.11)
      relaton-iso-bib (~> 0.3.0)
    relaton-nist (0.3.9)
      relaton-bib (~> 0.3.0)
      rubyzip
    relaton-ogc (0.1.4)
      faraday
      relaton-iso-bib (~> 0.3.0)
    ruby_deep_clone (0.8.0)
    rubyzip (2.0.0)
    tc211-termbase (0.1.12)
      creek
      relaton (~> 0.5)
    unf (0.1.4)
      unf_ext
    unf_ext (0.0.7.6)

PLATFORMS
  ruby

DEPENDENCIES
  tc211-termbase

BUNDLED WITH
   2.0.2
